# THIS IS AN AUTOGENERATED FILE. DO NOT EDIT THIS FILE DIRECTLY.
# yarn lockfile v1


"@tanstack/query-core@5.102.8":
  version "5.102.8"
  resolved "https://registry.yarnpkg.com/@tanstack/query-core/-/query-core-5.102.8.tgz#c55c31b4f99124054805ce8ec8137c84108f3252"
  integrity sha512-ZNjkJ33CqvPNec/6lZBnHqLc3EVGPZ9ySLhYahU9TcuRFdmwXewuj0c4hwSWcGHqEUwcSrKeZ+oGcvPBqXcQcg==

"@tanstack/react-query@^5.102.8":
  version "5.102.8"
  resolved "https://registry.yarnpkg.com/@tanstack/react-query/-/react-query-5.102.8.tgz#bdc5c24485258e6ae2e7ecac0a4cf58c59937839"
  integrity sha512-TYBea4OuXWD7MhaSHq069TWbFe7rcwWN6kzT7JF0OKi1K6c1gTv2IzD6A6ExJsCMozdkqBWeuIUZmu4KQg0O5A==
  dependencies:
    "@tanstack/query-core" "5.102.8"

zustand@^5.0.15:
  version "5.0.15"
  resolved "https://registry.yarnpkg.com/zustand/-/zustand-5.0.15.tgz#42bddf35647cb80a818a8943a69f6618c126fcfe"
  integrity sha512-MpSEjRiBkA9crSYeOUH32rJC7SVqAbm0Fqcqge/bUi2PPoLcBWKOsG+C8mevmpr8TwXHBVkChbbJiyvkE+i/3A==
